
Microsoft Visual Studio Solution File, Format Version 12.00
# Visual Studio Version 16
VisualStudioVersion = 16.0.30804.86
MinimumVisualStudioVersion = 10.0.40219.1
Project("{FAE04EC0-301F-11D3-BF4B-00C04F79EFBC}") = "Cookaboo", "Cookaboo\Cookaboo.csproj", "{55FA7EF0-B867-4957-8B2C-5590D850368D}"
EndProject
Global
	GlobalSection(SolutionConfigurationPlatforms) = preSolution
		Debug|Any CPU = Debug|Any CPU
		Release|Any CPU = Release|Any CPU
	EndGlobalSection
	GlobalSection(ProjectConfigurationPlatforms) = postSolution
		{55FA7EF0-B867-4957-8B2C-5590D850368D}.Debug|Any CPU.ActiveCfg = Debug|Any CPU
		{55FA7EF0-B867-4957-8B2C-5590D850368D}.Debug|Any CPU.Build.0 = Debug|Any CPU
		{55FA7EF0-B867-4957-8B2C-5590D850368D}.Release|Any CPU.ActiveCfg = Release|Any CPU
		{55FA7EF0-B867-4957-8B2C-5590D850368D}.Release|Any CPU.Build.0 = Release|Any CPU
	EndGlobalSection
	GlobalSection(SolutionProperties) = preSolution
		HideSolutionNode = FALSE
	EndGlobalSection
	GlobalSection(ExtensibilityGlobals) = postSolution
		SolutionGuid = {896D18E9-C357-4375-B23C-83387193127E}
	EndGlobalSection
EndGlobal
